// !$*UTF8*$!
{
	archiveVersion = 1;
	classes = {
	};
	objectVersion = 46;
	objects = {

/* Begin PBXBuildFile section */
		25F41C3CC3A17B01F6B1EDEC /* App */ = {isa = PBXBuildFile; fileRef = 656E6D08F4910E2ECB523FBC; };
		2AEBC5886400CE7B4E88C37B /* include_juce_gui_basics.mm */ = {isa = PBXBuildFile; fileRef = 33380AAF102863E18BBC3914; };
		46E2171EEA79991E8C41E9DD /* include_juce_graphics.mm */ = {isa = PBXBuildFile; fileRef = 39F3F256D3C232543AA2B8CF; };
		4B4FB0ED944F5D3DF460B9FD /* Main.cpp */ = {isa = PBXBuildFile; fileRef = E57C4C510C27C2415CD3F0AD; };
		5EA8ED72D672A74A1C99C9F7 /* Images.xcassets */ = {isa = PBXBuildFile; fileRef = E278A29E0F84C5713EE7870D; };
		73572D95177EEFAF400A3DA7 /* UIKit.framework */ = {isa = PBXBuildFile; fileRef = F483DBA5C9B58E4EC7B02C08; };
		78AACE5EDC8C4A25C291A231 /* CoreImage.framework */ = {isa = PBXBuildFile; fileRef = 467076A48F87383CB1628A6D; };
		88AB448C7B62D76FAC1E3936 /* QuartzCore.framework */ = {isa = PBXBuildFile; fileRef = AF34EF7C69F600E0AA490E76; };
		8BCC17C47CD83EA9836919BB /* MainComponent.cpp */ = {isa = PBXBuildFile; fileRef = D9341B0F09ED6BEC58AE0390; };
		9C6BC31E47FA651E979BE127 /* include_juce_data_structures.mm */ = {isa = PBXBuildFile; fileRef = 960EDE5A87B5360D7E53D7F0; };
		AA1B43EE1C3D76F9D8902FFB /* MetalKit.framework */ = {isa = PBXBuildFile; fileRef = C77BD321D4B11100C1C44885; settings = { ATTRIBUTES = (Weak, ); }; };
		AC06874C310E0BCA27AFCDAB /* CoreServices.framework */ = {isa = PBXBuildFile; fileRef = 759E4DC39C0C2ADA12A3084C; };
		B9F5CE581DA6FE14D27810B4 /* include_juce_events.mm */ = {isa = PBXBuildFile; fileRef = A8C3693161CED61A234F7836; };
		C0F09271DD8D65616EB5D0A6 /* Foundation.framework */ = {isa = PBXBuildFile; fileRef = 377AC8282890F14062D91BE1; };
		C9F3DCE9F6C29DB22B16690A /* Metal.framework */ = {isa = PBXBuildFile; fileRef = 269F7CE86956595CCA568829; settings = { ATTRIBUTES = (Weak, ); }; };
		CE5F8A69FB67A89CE711821E /* CoreText.framework */ = {isa = PBXBuildFile; fileRef = A552C4AE9739358C05D88633; };
		EBCF856CDD5614607359F050 /* LaunchScreen.storyboard */ = {isa = PBXBuildFile; fileRef = FCC4C5BB352709916F36C914; };
		EDCECC9F6333DC5370050607 /* include_juce_core.mm */ = {isa = PBXBuildFile; fileRef = CFF1B7C949E6F9624420328F; };
		F0D3E97435E5D425D46FAA4A /* CoreGraphics.framework */ = {isa = PBXBuildFile; fileRef = 33D1769CC4E57AF3F72435FA; };
/* End PBXBuildFile section */

/* Begin PBXFileReference section */
		00F5B1A094D6AA02B66E3DFE /* juce_core */ /* juce_core */ = {isa = PBXFileReference; lastKnownFileType = folder; name = juce_core; path = "~/JUCE/modules/juce_core"; sourceTree = "<absolute>"; };
		1514B38732DC0BBB7469C297 /* JuceHeader.h */ /* JuceHeader.h */ = {isa = PBXFileReference; lastKnownFileType = sourcecode.c.h; name = JuceHeader.h; path = ../../JuceLibraryCode/JuceHeader.h; sourceTree = SOURCE_ROOT; };
		1C957B6FFBB29BE01E41B8FA /* juce_gui_basics */ /* juce_gui_basics */ = {isa = PBXFileReference; lastKnownFileType = folder; name = juce_gui_basics; path = "~/JUCE/modules/juce_gui_basics"; sourceTree = "<absolute>"; };
		269F7CE86956595CCA568829 /* Metal.framework */ /* Metal.framework */ = {isa = PBXFileReference; lastKnownFileType = wrapper.framework; name = Metal.framework; path = System/Library/Frameworks/Metal.framework; sourceTree = SDKROOT; };
		33380AAF102863E18BBC3914 /* include_juce_gui_basics.mm */ /* include_juce_gui_basics.mm */ = {isa = PBXFileReference; lastKnownFileType = sourcecode.cpp.objcpp; name = include_juce_gui_basics.mm; path = ../../JuceLibraryCode/include_juce_gui_basics.mm; sourceTree = SOURCE_ROOT; };
		3349C8879513F0E0B950CE93 /* juce_events */ /* juce_events */ = {isa = PBXFileReference; lastKnownFileType = folder; name = juce_events; path = "~/JUCE/modules/juce_events"; sourceTree = "<absolute>"; };
		33D1769CC4E57AF3F72435FA /* CoreGraphics.framework */ /* CoreGraphics.framework */ = {isa = PBXFileReference; lastKnownFileType = wrapper.framework; name = CoreGraphics.framework; path = System/Library/Frameworks/CoreGraphics.framework; sourceTree = SDKROOT; };
		377AC8282890F14062D91BE1 /* Foundation.framework */ /* Foundation.framework */ = {isa = PBXFileReference; lastKnownFileType = wrapper.framework; name = Foundation.framework; path = System/Library/Frameworks/Foundation.framework; sourceTree = SDKROOT; };
		39F3F256D3C232543AA2B8CF /* include_juce_graphics.mm */ /* include_juce_graphics.mm */ = {isa = PBXFileReference; lastKnownFileType = sourcecode.cpp.objcpp; name = include_juce_graphics.mm; path = ../../JuceLibraryCode/include_juce_graphics.mm; sourceTree = SOURCE_ROOT; };
		467076A48F87383CB1628A6D /* CoreImage.framework */ /* CoreImage.framework */ = {isa = PBXFileReference; lastKnownFileType = wrapper.framework; name = CoreImage.framework; path = System/Library/Frameworks/CoreImage.framework; sourceTree = SDKROOT; };
		53386848E19E0450CF8FCA50 /* MainComponent.h */ /* MainComponent.h */ = {isa = PBXFileReference; lastKnownFileType = sourcecode.c.h; name = MainComponent.h; path = ../../Source/MainComponent.h; sourceTree = SOURCE_ROOT; };
		656E6D08F4910E2ECB523FBC /* App */ = {isa = PBXFileReference; explicitFileType = wrapper.application; includeInIndex = 0; path = HelloWorldoMulti.app; sourceTree = BUILT_PRODUCTS_DIR; };
		759E4DC39C0C2ADA12A3084C /* CoreServices.framework */ /* CoreServices.framework */ = {isa = PBXFileReference; lastKnownFileType = wrapper.framework; name = CoreServices.framework; path = System/Library/Frameworks/CoreServices.framework; sourceTree = SDKROOT; };
		960EDE5A87B5360D7E53D7F0 /* include_juce_data_structures.mm */ /* include_juce_data_structures.mm */ = {isa = PBXFileReference; lastKnownFileType = sourcecode.cpp.objcpp; name = include_juce_data_structures.mm; path = ../../JuceLibraryCode/include_juce_data_structures.mm; sourceTree = SOURCE_ROOT; };
		A00EF99E8954192B42B0FF80 /* Info-App.plist */ /* Info-App.plist */ = {isa = PBXFileReference; lastKnownFileType = text.plist.xml; name = "Info-App.plist"; path = "Info-App.plist"; sourceTree = SOURCE_ROOT; };
		A552C4AE9739358C05D88633 /* CoreText.framework */ /* CoreText.framework */ = {isa = PBXFileReference; lastKnownFileType = wrapper.framework; name = CoreText.framework; path = System/Library/Frameworks/CoreText.framework; sourceTree = SDKROOT; };
		A6B8E2D47CA7142F4485CED6 /* juce_data_structures */ /* juce_data_structures */ = {isa = PBXFileReference; lastKnownFileType = folder; name = juce_data_structures; path = "~/JUCE/modules/juce_data_structures"; sourceTree = "<absolute>"; };
		A8C3693161CED61A234F7836 /* include_juce_events.mm */ /* include_juce_events.mm */ = {isa = PBXFileReference; lastKnownFileType = sourcecode.cpp.objcpp; name = include_juce_events.mm; path = ../../JuceLibraryCode/include_juce_events.mm; sourceTree = SOURCE_ROOT; };
		AF34EF7C69F600E0AA490E76 /* QuartzCore.framework */ /* QuartzCore.framework */ = {isa = PBXFileReference; lastKnownFileType = wrapper.framework; name = QuartzCore.framework; path = System/Library/Frameworks/QuartzCore.framework; sourceTree = SDKROOT; };
		C77BD321D4B11100C1C44885 /* MetalKit.framework */ /* MetalKit.framework */ = {isa = PBXFileReference; lastKnownFileType = wrapper.framework; name = MetalKit.framework; path = System/Library/Frameworks/MetalKit.framework; sourceTree = SDKROOT; };
		CFF1B7C949E6F9624420328F /* include_juce_core.mm */ /* include_juce_core.mm */ = {isa = PBXFileReference; lastKnownFileType = sourcecode.cpp.objcpp; name = include_juce_core.mm; path = ../../JuceLibraryCode/include_juce_core.mm; sourceTree = SOURCE_ROOT; };
		D9341B0F09ED6BEC58AE0390 /* MainComponent.cpp */ /* MainComponent.cpp */ = {isa = PBXFileReference; lastKnownFileType = sourcecode.cpp.cpp; name = MainComponent.cpp; path = ../../Source/MainComponent.cpp; sourceTree = SOURCE_ROOT; };
		E115D7C15FB3441F0F4BEB1A /* juce_graphics */ /* juce_graphics */ = {isa = PBXFileReference; lastKnownFileType = folder; name = juce_graphics; path = "~/JUCE/modules/juce_graphics"; sourceTree = "<absolute>"; };
		E278A29E0F84C5713EE7870D /* Images.xcassets */ /* Images.xcassets */ = {isa = PBXFileReference; lastKnownFileType = folder.assetcatalog; name = Images.xcassets; path = HelloWorldoMulti/Images.xcassets; sourceTree = SOURCE_ROOT; };
		E57C4C510C27C2415CD3F0AD /* Main.cpp */ /* Main.cpp */ = {isa = PBXFileReference; lastKnownFileType = sourcecode.cpp.cpp; name = Main.cpp; path = ../../Source/Main.cpp; sourceTree = SOURCE_ROOT; };
		F483DBA5C9B58E4EC7B02C08 /* UIKit.framework */ /* UIKit.framework */ = {isa = PBXFileReference; lastKnownFileType = wrapper.framework; name = UIKit.framework; path = System/Library/Frameworks/UIKit.framework; sourceTree = SDKROOT; };
		FCC4C5BB352709916F36C914 /* LaunchScreen.storyboard */ /* LaunchScreen.storyboard */ = {isa = PBXFileReference; lastKnownFileType = file.storyboard; name = LaunchScreen.storyboard; path = LaunchScreen.storyboard; sourceTree = SOURCE_ROOT; };
/* End PBXFileReference section */

/* Begin PBXFrameworksBuildPhase section */
		8FE8C9840A44CBCD6E74E9D2 = {
			isa = PBXFrameworksBuildPhase;
			buildActionMask = 2147483647;
			files = (
				F0D3E97435E5D425D46FAA4A,
				78AACE5EDC8C4A25C291A231,
				AC06874C310E0BCA27AFCDAB,
				CE5F8A69FB67A89CE711821E,
				C0F09271DD8D65616EB5D0A6,
				88AB448C7B62D76FAC1E3936,
				73572D95177EEFAF400A3DA7,
				C9F3DCE9F6C29DB22B16690A,
				AA1B43EE1C3D76F9D8902FFB,
			);
			runOnlyForDeploymentPostprocessing = 0;
		};
/* End PBXFrameworksBuildPhase section */

/* Begin PBXGroup section */
		18E8A5CD7909162D609444B8 /* Source */ = {
			isa = PBXGroup;
			children = (
				B36A273D0A79E876778718E2,
				867EE290098F919C5B8803AC,
				2DF440254DE67EE1C3822D52,
				699B4D1A021321E599FD8108,
				62C47B75A79C2450481BB4B4,
				5A5D3E780ED612C6DB776788,
			);
			name = Source;
			sourceTree = "<group>";
		};
		2DF440254DE67EE1C3822D52 /* JUCE Library Code */ = {
			isa = PBXGroup;
			children = (
				CFF1B7C949E6F9624420328F,
				960EDE5A87B5360D7E53D7F0,
				A8C3693161CED61A234F7836,
				39F3F256D3C232543AA2B8CF,
				33380AAF102863E18BBC3914,
				1514B38732DC0BBB7469C297,
			);
			name = "JUCE Library Code";
			sourceTree = "<group>";
		};
		409AD0479446CB1387E83FD6 /* Source */ = {
			isa = PBXGroup;
			children = (
				E57C4C510C27C2415CD3F0AD,
				53386848E19E0450CF8FCA50,
				D9341B0F09ED6BEC58AE0390,
			);
			name = Source;
			sourceTree = "<group>";
		};
		5A5D3E780ED612C6DB776788 /* Products */ = {
			isa = PBXGroup;
			children = (
				656E6D08F4910E2ECB523FBC,
			);
			name = Products;
			sourceTree = "<group>";
		};
		62C47B75A79C2450481BB4B4 /* Frameworks */ = {
			isa = PBXGroup;
			children = (
				33D1769CC4E57AF3F72435FA,
				467076A48F87383CB1628A6D,
				759E4DC39C0C2ADA12A3084C,
				A552C4AE9739358C05D88633,
				377AC8282890F14062D91BE1,
				AF34EF7C69F600E0AA490E76,
				F483DBA5C9B58E4EC7B02C08,
				269F7CE86956595CCA568829,
				C77BD321D4B11100C1C44885,
			);
			name = Frameworks;
			sourceTree = "<group>";
		};
		699B4D1A021321E599FD8108 /* Resources */ = {
			isa = PBXGroup;
			children = (
				A00EF99E8954192B42B0FF80,
				E278A29E0F84C5713EE7870D,
				FCC4C5BB352709916F36C914,
			);
			name = Resources;
			sourceTree = "<group>";
		};
		867EE290098F919C5B8803AC /* JUCE Modules */ = {
			isa = PBXGroup;
			children = (
				00F5B1A094D6AA02B66E3DFE,
				A6B8E2D47CA7142F4485CED6,
				3349C8879513F0E0B950CE93,
				E115D7C15FB3441F0F4BEB1A,
				1C957B6FFBB29BE01E41B8FA,
			);
			name = "JUCE Modules";
			sourceTree = "<group>";
		};
		B36A273D0A79E876778718E2 /* HelloWorldoMulti */ = {
			isa = PBXGroup;
			children = (
				409AD0479446CB1387E83FD6,
			);
			name = HelloWorldoMulti;
			sourceTree = "<group>";
		};
/* End PBXGroup section */

/* Begin PBXNativeTarget section */
		83E5FD6491127FA25C2B2EDB /* HelloWorldoMulti - App */ = {
			isa = PBXNativeTarget;
			buildConfigurationList = 67290801555679B022E49576;
			buildPhases = (
				A53A9D4DBB8B1A29803755E4,
				3C80B298E8A9EE99A7B84B27,
				8FE8C9840A44CBCD6E74E9D2,
			);
			buildRules = (
			);
			dependencies = (
			);
			name = "HelloWorldoMulti - App";
			productName = HelloWorldoMulti;
			productReference = 656E6D08F4910E2ECB523FBC;
			productType = "com.apple.product-type.application";
		};
/* End PBXNativeTarget section */

/* Begin PBXProject section */
		B27BAB2B5D198055D0C033ED = {
			isa = PBXProject;
			attributes = {
				BuildIndependentTargetsInParallel = YES;
				LastUpgradeCheck = 1340;
				ORGANIZATIONNAME = "";
				TargetAttributes = {
					83E5FD6491127FA25C2B2EDB = {
						SystemCapabilities = {
							com.apple.ApplicationGroups.iOS = {
								enabled = 0;
							};
							com.apple.HardenedRuntime = {
								enabled = 0;
							};
							com.apple.InAppPurchase = {
								enabled = 0;
							};
							com.apple.InterAppAudio = {
								enabled = 0;
							};
							com.apple.Push = {
								enabled = 0;
							};
							com.apple.Sandbox = {
								enabled = 0;
							};
						};
					};
				};
			};
			buildConfigurationList = C75887948A7C5BFC13F7770A;
			compatibilityVersion = "Xcode 3.2";
			hasScannedForEncodings = 0;
			knownRegions = (
				en,
				Base,
			);
			mainGroup = 18E8A5CD7909162D609444B8;
			projectDirPath = "";
			projectRoot = "";
			targets = (
				83E5FD6491127FA25C2B2EDB,
			);
		};
/* End PBXProject section */

/* Begin PBXResourcesBuildPhase section */
		A53A9D4DBB8B1A29803755E4 = {
			isa = PBXResourcesBuildPhase;
			buildActionMask = 2147483647;
			files = (
				5EA8ED72D672A74A1C99C9F7,
				EBCF856CDD5614607359F050,
			);
			runOnlyForDeploymentPostprocessing = 0;
		};
/* End PBXResourcesBuildPhase section */

/* Begin PBXSourcesBuildPhase section */
		3C80B298E8A9EE99A7B84B27 = {
			isa = PBXSourcesBuildPhase;
			buildActionMask = 2147483647;
			files = (
				4B4FB0ED944F5D3DF460B9FD,
				8BCC17C47CD83EA9836919BB,
				EDCECC9F6333DC5370050607,
				9C6BC31E47FA651E979BE127,
				B9F5CE581DA6FE14D27810B4,
				46E2171EEA79991E8C41E9DD,
				2AEBC5886400CE7B4E88C37B,
			);
			runOnlyForDeploymentPostprocessing = 0;
		};
/* End PBXSourcesBuildPhase section */

/* Begin XCBuildConfiguration section */
		09BA24F16F538182051EAEB7 /* Release */ = {
			isa = XCBuildConfiguration;
			buildSettings = {
				ASSETCATALOG_COMPILER_APPICON_NAME = AppIcon;
				CLANG_CXX_LANGUAGE_STANDARD = "c++17";
				CLANG_CXX_LIBRARY = "libc++";
				CLANG_LINK_OBJC_RUNTIME = NO;
				COMBINE_HIDPI_IMAGES = YES;
				CONFIGURATION_BUILD_DIR = "$(PROJECT_DIR)/build/$(CONFIGURATION)";
				DEAD_CODE_STRIPPING = YES;
				GCC_GENERATE_DEBUGGING_SYMBOLS = NO;
				GCC_OPTIMIZATION_LEVEL = 3;
				GCC_PREPROCESSOR_DEFINITIONS = (
					"_NDEBUG=1",
					"NDEBUG=1",
					"JUCE_CONTENT_SHARING=1",
					"JUCE_DISPLAY_SPLASH_SCREEN=1",
					"JUCE_USE_DARK_SPLASH_SCREEN=1",
					"JUCE_PROJUCER_VERSION=0x7000a",
					"JUCE_MODULE_AVAILABLE_juce_core=1",
					"JUCE_MODULE_AVAILABLE_juce_data_structures=1",
					"JUCE_MODULE_AVAILABLE_juce_events=1",
					"JUCE_MODULE_AVAILABLE_juce_graphics=1",
					"JUCE_MODULE_AVAILABLE_juce_gui_basics=1",
					"JUCE_GLOBAL_MODULE_SETTINGS_INCLUDED=1",
					"JUCE_STRICT_REFCOUNTEDPOINTER=1",
					"JUCE_STANDALONE_APPLICATION=1",
					"JUCER_XCODE_IPHONE_5BC26AE3=1",
					"JUCE_APP_VERSION=1.0.0",
					"JUCE_APP_VERSION_HEX=0x10000",
					"JucePlugin_Build_VST=0",
					"JucePlugin_Build_VST3=0",
					"JucePlugin_Build_AU=0",
					"JucePlugin_Build_AUv3=0",
					"JucePlugin_Build_AAX=0",
					"JucePlugin_Build_Standalone=0",
					"JucePlugin_Build_Unity=0",
					"JucePlugin_Build_LV2=0",
				);
				GCC_VERSION = com.apple.compilers.llvm.clang.1_0;
				HEADER_SEARCH_PATHS = (
					"$(SRCROOT)/../../JuceLibraryCode",
					"$(HOME)/JUCE/modules",
					"$(inherited)",
				);
				INFOPLIST_FILE = Info-App.plist;
				INFOPLIST_PREPROCESS = NO;
				INSTALL_PATH = "$(HOME)/Applications";
				LLVM_LTO = YES;
				MTL_HEADER_SEARCH_PATHS = "$(SRCROOT)/../../JuceLibraryCode $(HOME)/JUCE/modules";
				PRODUCT_BUNDLE_IDENTIFIER = com.yourcompany.HelloWorldoMulti;
				PRODUCT_NAME = "HelloWorldoMulti";
				USE_HEADERMAP = NO;
			};
			name = Release;
		};
		31FBAA446F8CC96AE38FEA18 /* Debug */ = {
			isa = XCBuildConfiguration;
			buildSettings = {
				ASSETCATALOG_COMPILER_APPICON_NAME = AppIcon;
				CLANG_CXX_LANGUAGE_STANDARD = "c++17";
				CLANG_CXX_LIBRARY = "libc++";
				CLANG_LINK_OBJC_RUNTIME = NO;
				COMBINE_HIDPI_IMAGES = YES;
				CONFIGURATION_BUILD_DIR = "$(PROJECT_DIR)/build/$(CONFIGURATION)";
				COPY_PHASE_STRIP = NO;
				GCC_DYNAMIC_NO_PIC = NO;
				GCC_OPTIMIZATION_LEVEL = 0;
				GCC_PREPROCESSOR_DEFINITIONS = (
					"_DEBUG=1",
					"DEBUG=1",
					"JUCE_CONTENT_SHARING=1",
					"JUCE_DISPLAY_SPLASH_SCREEN=1",
					"JUCE_USE_DARK_SPLASH_SCREEN=1",
					"JUCE_PROJUCER_VERSION=0x7000a",
					"JUCE_MODULE_AVAILABLE_juce_core=1",
					"JUCE_MODULE_AVAILABLE_juce_data_structures=1",
					"JUCE_MODULE_AVAILABLE_juce_events=1",
					"JUCE_MODULE_AVAILABLE_juce_graphics=1",
					"JUCE_MODULE_AVAILABLE_juce_gui_basics=1",
					"JUCE_GLOBAL_MODULE_SETTINGS_INCLUDED=1",
					"JUCE_STRICT_REFCOUNTEDPOINTER=1",
					"JUCE_STANDALONE_APPLICATION=1",
					"JUCER_XCODE_IPHONE_5BC26AE3=1",
					"JUCE_APP_VERSION=1.0.0",
					"JUCE_APP_VERSION_HEX=0x10000",
					"JucePlugin_Build_VST=0",
					"JucePlugin_Build_VST3=0",
					"JucePlugin_Build_AU=0",
					"JucePlugin_Build_AUv3=0",
					"JucePlugin_Build_AAX=0",
					"JucePlugin_Build_Standalone=0",
					"JucePlugin_Build_Unity=0",
					"JucePlugin_Build_LV2=0",
				);
				GCC_VERSION = com.apple.compilers.llvm.clang.1_0;
				HEADER_SEARCH_PATHS = (
					"$(SRCROOT)/../../JuceLibraryCode",
					"$(HOME)/JUCE/modules",
					"$(inherited)",
				);
				INFOPLIST_FILE = Info-App.plist;
				INFOPLIST_PREPROCESS = NO;
				INSTALL_PATH = "$(HOME)/Applications";
				MTL_HEADER_SEARCH_PATHS = "$(SRCROOT)/../../JuceLibraryCode $(HOME)/JUCE/modules";
				PRODUCT_BUNDLE_IDENTIFIER = com.yourcompany.HelloWorldoMulti;
				PRODUCT_NAME = "HelloWorldoMulti";
				USE_HEADERMAP = NO;
			};
			name = Debug;
		};
		8889D2AB9BCE33BC76408CD1 /* Release */ = {
			isa = XCBuildConfiguration;
			buildSettings = {
				ALWAYS_SEARCH_USER_PATHS = NO;
				CLANG_ENABLE_OBJC_WEAK = YES;
				CLANG_WARN_BLOCK_CAPTURE_AUTORELEASING = YES;
				CLANG_WARN_BOOL_CONVERSION = YES;
				CLANG_WARN_COMMA = YES;
				CLANG_WARN_CONSTANT_CONVERSION = YES;
				CLANG_WARN_DEPRECATED_OBJC_IMPLEMENTATIONS = YES;
				CLANG_WARN_EMPTY_BODY = YES;
				CLANG_WARN_ENUM_CONVERSION = YES;
				CLANG_WARN_INFINITE_RECURSION = YES;
				CLANG_WARN_INT_CONVERSION = YES;
				CLANG_WARN_NON_LITERAL_NULL_CONVERSION = YES;
				CLANG_WARN_OBJC_IMPLICIT_RETAIN_SELF = YES;
				CLANG_WARN_OBJC_LITERAL_CONVERSION = YES;
				CLANG_WARN_RANGE_LOOP_ANALYSIS = YES;
				CLANG_WARN_STRICT_PROTOTYPES = YES;
				CLANG_WARN_SUSPICIOUS_MOVE = YES;
				CLANG_WARN_UNREACHABLE_CODE = YES;
				CLANG_WARN__DUPLICATE_METHOD_MATCH = YES;
				DEBUG_INFORMATION_FORMAT = dwarf;
				ENABLE_STRICT_OBJC_MSGSEND = YES;
				ENABLE_TESTABILITY = NO;
				GCC_C_LANGUAGE_STANDARD = c11;
				GCC_INLINES_ARE_PRIVATE_EXTERN = YES;
				GCC_MODEL_TUNING = G5;
				GCC_NO_COMMON_BLOCKS = YES;
				GCC_SYMBOLS_PRIVATE_EXTERN = YES;
				GCC_WARN_64_TO_32_BIT_CONVERSION = YES;
				GCC_WARN_ABOUT_RETURN_TYPE = YES;
				GCC_WARN_CHECK_SWITCH_STATEMENTS = YES;
				GCC_WARN_MISSING_PARENTHESES = YES;
				GCC_WARN_NON_VIRTUAL_DESTRUCTOR = YES;
				GCC_WARN_TYPECHECK_CALLS_TO_PRINTF = YES;
				GCC_WARN_UNDECLARED_SELECTOR = YES;
				GCC_WARN_UNINITIALIZED_AUTOS = YES;
				GCC_WARN_UNUSED_FUNCTION = YES;
				GCC_WARN_UNUSED_VARIABLE = YES;
				IPHONEOS_DEPLOYMENT_TARGET = 12.0;
				PRODUCT_NAME = "HelloWorldoMulti";
				SDKROOT = iphoneos;
				TARGETED_DEVICE_FAMILY = "1,2";
				WARNING_CFLAGS = "-Wreorder";
				ZERO_LINK = NO;
			};
			name = Release;
		};
		AAABD692F4232F238EAFA0D4 /* Debug */ = {
			isa = XCBuildConfiguration;
			buildSettings = {
				ALWAYS_SEARCH_USER_PATHS = NO;
				CLANG_ENABLE_OBJC_WEAK = YES;
				CLANG_WARN_BLOCK_CAPTURE_AUTORELEASING = YES;
				CLANG_WARN_BOOL_CONVERSION = YES;
				CLANG_WARN_COMMA = YES;
				CLANG_WARN_CONSTANT_CONVERSION = YES;
				CLANG_WARN_DEPRECATED_OBJC_IMPLEMENTATIONS = YES;
				CLANG_WARN_EMPTY_BODY = YES;
				CLANG_WARN_ENUM_CONVERSION = YES;
				CLANG_WARN_INFINITE_RECURSION = YES;
				CLANG_WARN_INT_CONVERSION = YES;
				CLANG_WARN_NON_LITERAL_NULL_CONVERSION = YES;
				CLANG_WARN_OBJC_IMPLICIT_RETAIN_SELF = YES;
				CLANG_WARN_OBJC_LITERAL_CONVERSION = YES;
				CLANG_WARN_RANGE_LOOP_ANALYSIS = YES;
				CLANG_WARN_STRICT_PROTOTYPES = YES;
				CLANG_WARN_SUSPICIOUS_MOVE = YES;
				CLANG_WARN_UNREACHABLE_CODE = YES;
				CLANG_WARN__DUPLICATE_METHOD_MATCH = YES;
				DEBUG_INFORMATION_FORMAT = dwarf;
				ENABLE_STRICT_OBJC_MSGSEND = YES;
				ENABLE_TESTABILITY = NO;
				GCC_C_LANGUAGE_STANDARD = c11;
				GCC_INLINES_ARE_PRIVATE_EXTERN = YES;
				GCC_MODEL_TUNING = G5;
				GCC_NO_COMMON_BLOCKS = YES;
				GCC_SYMBOLS_PRIVATE_EXTERN = YES;
				GCC_WARN_64_TO_32_BIT_CONVERSION = YES;
				GCC_WARN_ABOUT_RETURN_TYPE = YES;
				GCC_WARN_CHECK_SWITCH_STATEMENTS = YES;
				GCC_WARN_MISSING_PARENTHESES = YES;
				GCC_WARN_NON_VIRTUAL_DESTRUCTOR = YES;
				GCC_WARN_TYPECHECK_CALLS_TO_PRINTF = YES;
				GCC_WARN_UNDECLARED_SELECTOR = YES;
				GCC_WARN_UNINITIALIZED_AUTOS = YES;
				GCC_WARN_UNUSED_FUNCTION = YES;
				GCC_WARN_UNUSED_VARIABLE = YES;
				IPHONEOS_DEPLOYMENT_TARGET = 12.0;
				ONLY_ACTIVE_ARCH = YES;
				PRODUCT_NAME = "HelloWorldoMulti";
				SDKROOT = iphoneos;
				TARGETED_DEVICE_FAMILY = "1,2";
				WARNING_CFLAGS = "-Wreorder";
				ZERO_LINK = NO;
			};
			name = Debug;
		};
/* End XCBuildConfiguration section */

/* Begin XCConfigurationList section */
		67290801555679B022E49576 = {
			isa = XCConfigurationList;
			buildConfigurations = (
				31FBAA446F8CC96AE38FEA18,
				09BA24F16F538182051EAEB7,
			);
			defaultConfigurationIsVisible = 0;
			defaultConfigurationName = Debug;
		};
		C75887948A7C5BFC13F7770A = {
			isa = XCConfigurationList;
			buildConfigurations = (
				8889D2AB9BCE33BC76408CD1,
				AAABD692F4232F238EAFA0D4,
			);
			defaultConfigurationIsVisible = 0;
			defaultConfigurationName = Debug;
		};
/* End XCConfigurationList section */
	};
	rootObject = B27BAB2B5D198055D0C033ED /* Project object */;
}
